
Microsoft Visual Studio Solution File, Format Version 12.00
# Visual Studio 15
VisualStudioVersion = 15.0.28010.2041
MinimumVisualStudioVersion = 10.0.40219.1
Project("{FAE04EC0-301F-11D3-BF4B-00C04F79EFBC}") = "ConsoleApp3", "ConsoleApp3\ConsoleApp3.csproj", "{66956559-30BF-4A5C-898F-7EB4B4A4285B}"
EndProject
Global
	GlobalSection(SolutionConfigurationPlatforms) = preSolution
		Debug|Any CPU = Debug|Any CPU
		Release|Any CPU = Release|Any CPU
	EndGlobalSection
	GlobalSection(ProjectConfigurationPlatforms) = postSolution
		{66956559-30BF-4A5C-898F-7EB4B4A4285B}.Debug|Any CPU.ActiveCfg = Debug|Any CPU
		{66956559-30BF-4A5C-898F-7EB4B4A4285B}.Debug|Any CPU.Build.0 = Debug|Any CPU
		{66956559-30BF-4A5C-898F-7EB4B4A4285B}.Release|Any CPU.ActiveCfg = Release|Any CPU
		{66956559-30BF-4A5C-898F-7EB4B4A4285B}.Release|Any CPU.Build.0 = Release|Any CPU
	EndGlobalSection
	GlobalSection(SolutionProperties) = preSolution
		HideSolutionNode = FALSE
	EndGlobalSection
	GlobalSection(ExtensibilityGlobals) = postSolution
		SolutionGuid = {52DAEE0B-C0AF-4D3C-A7A2-7FEF1B9A4D0A}
	EndGlobalSection
EndGlobal
