
Microsoft Visual Studio Solution File, Format Version 12.00
# Visual Studio 15
VisualStudioVersion = 15.0.28010.2041
MinimumVisualStudioVersion = 10.0.40219.1
Project("{FAE04EC0-301F-11D3-BF4B-00C04F79EFBC}") = "Zespolona", "Zespolona\Zespolona.csproj", "{D47FA685-BC62-4CBF-8D3D-F54989398A46}"
EndProject
Project("{FAE04EC0-301F-11D3-BF4B-00C04F79EFBC}") = "UnitTestProject1", "UnitTestProject1\UnitTestProject1.csproj", "{CFB45CBE-064E-44E0-B5A1-80442A6D8D54}"
EndProject
Project("{FAE04EC0-301F-11D3-BF4B-00C04F79EFBC}") = "GUI", "GUI\GUI.csproj", "{7E8B1B46-D526-4A61-B3C1-419CDE9C69F5}"
EndProject
Global
	GlobalSection(SolutionConfigurationPlatforms) = preSolution
		Debug|Any CPU = Debug|Any CPU
		Release|Any CPU = Release|Any CPU
	EndGlobalSection
	GlobalSection(ProjectConfigurationPlatforms) = postSolution
		{D47FA685-BC62-4CBF-8D3D-F54989398A46}.Debug|Any CPU.ActiveCfg = Debug|Any CPU
		{D47FA685-BC62-4CBF-8D3D-F54989398A46}.Debug|Any CPU.Build.0 = Debug|Any CPU
		{D47FA685-BC62-4CBF-8D3D-F54989398A46}.Release|Any CPU.ActiveCfg = Release|Any CPU
		{D47FA685-BC62-4CBF-8D3D-F54989398A46}.Release|Any CPU.Build.0 = Release|Any CPU
		{CFB45CBE-064E-44E0-B5A1-80442A6D8D54}.Debug|Any CPU.ActiveCfg = Debug|Any CPU
		{CFB45CBE-064E-44E0-B5A1-80442A6D8D54}.Debug|Any CPU.Build.0 = Debug|Any CPU
		{CFB45CBE-064E-44E0-B5A1-80442A6D8D54}.Release|Any CPU.ActiveCfg = Release|Any CPU
		{CFB45CBE-064E-44E0-B5A1-80442A6D8D54}.Release|Any CPU.Build.0 = Release|Any CPU
		{7E8B1B46-D526-4A61-B3C1-419CDE9C69F5}.Debug|Any CPU.ActiveCfg = Debug|Any CPU
		{7E8B1B46-D526-4A61-B3C1-419CDE9C69F5}.Debug|Any CPU.Build.0 = Debug|Any CPU
		{7E8B1B46-D526-4A61-B3C1-419CDE9C69F5}.Release|Any CPU.ActiveCfg = Release|Any CPU
		{7E8B1B46-D526-4A61-B3C1-419CDE9C69F5}.Release|Any CPU.Build.0 = Release|Any CPU
	EndGlobalSection
	GlobalSection(SolutionProperties) = preSolution
		HideSolutionNode = FALSE
	EndGlobalSection
	GlobalSection(ExtensibilityGlobals) = postSolution
		SolutionGuid = {0D4AAA13-C86A-4F75-9F37-C65D2F9F198F}
	EndGlobalSection
EndGlobal
