
Microsoft Visual Studio Solution File, Format Version 12.00
# Visual Studio 15
VisualStudioVersion = 15.0.28010.2041
MinimumVisualStudioVersion = 10.0.40219.1
Project("{FAE04EC0-301F-11D3-BF4B-00C04F79EFBC}") = "FranciszekMartyka", "FranciszekMartyka\FranciszekMartyka.csproj", "{CC45B2B7-3A0C-4BC1-9CD7-514CD98E78C5}"
EndProject
Project("{FAE04EC0-301F-11D3-BF4B-00C04F79EFBC}") = "GUIFolderWiadomosci", "GUIFolderWiadomosci\GUIFolderWiadomosci.csproj", "{7C65E0EA-2E8B-4439-9451-D66C75EA86F1}"
EndProject
Global
	GlobalSection(SolutionConfigurationPlatforms) = preSolution
		Debug|Any CPU = Debug|Any CPU
		Release|Any CPU = Release|Any CPU
	EndGlobalSection
	GlobalSection(ProjectConfigurationPlatforms) = postSolution
		{CC45B2B7-3A0C-4BC1-9CD7-514CD98E78C5}.Debug|Any CPU.ActiveCfg = Debug|Any CPU
		{CC45B2B7-3A0C-4BC1-9CD7-514CD98E78C5}.Debug|Any CPU.Build.0 = Debug|Any CPU
		{CC45B2B7-3A0C-4BC1-9CD7-514CD98E78C5}.Release|Any CPU.ActiveCfg = Release|Any CPU
		{CC45B2B7-3A0C-4BC1-9CD7-514CD98E78C5}.Release|Any CPU.Build.0 = Release|Any CPU
		{7C65E0EA-2E8B-4439-9451-D66C75EA86F1}.Debug|Any CPU.ActiveCfg = Debug|Any CPU
		{7C65E0EA-2E8B-4439-9451-D66C75EA86F1}.Debug|Any CPU.Build.0 = Debug|Any CPU
		{7C65E0EA-2E8B-4439-9451-D66C75EA86F1}.Release|Any CPU.ActiveCfg = Release|Any CPU
		{7C65E0EA-2E8B-4439-9451-D66C75EA86F1}.Release|Any CPU.Build.0 = Release|Any CPU
	EndGlobalSection
	GlobalSection(SolutionProperties) = preSolution
		HideSolutionNode = FALSE
	EndGlobalSection
	GlobalSection(ExtensibilityGlobals) = postSolution
		SolutionGuid = {4857F090-9E8B-461C-9A41-70796C8F5499}
	EndGlobalSection
EndGlobal
