
Microsoft Visual Studio Solution File, Format Version 12.00
# Visual Studio 15
VisualStudioVersion = 15.0.28010.2041
MinimumVisualStudioVersion = 10.0.40219.1
Project("{FAE04EC0-301F-11D3-BF4B-00C04F79EFBC}") = "powtorka", "powtorka\powtorka.csproj", "{2E074C74-46F7-442D-8DDE-B2BC2F113567}"
EndProject
Global
	GlobalSection(SolutionConfigurationPlatforms) = preSolution
		Debug|Any CPU = Debug|Any CPU
		Release|Any CPU = Release|Any CPU
	EndGlobalSection
	GlobalSection(ProjectConfigurationPlatforms) = postSolution
		{2E074C74-46F7-442D-8DDE-B2BC2F113567}.Debug|Any CPU.ActiveCfg = Debug|Any CPU
		{2E074C74-46F7-442D-8DDE-B2BC2F113567}.Debug|Any CPU.Build.0 = Debug|Any CPU
		{2E074C74-46F7-442D-8DDE-B2BC2F113567}.Release|Any CPU.ActiveCfg = Release|Any CPU
		{2E074C74-46F7-442D-8DDE-B2BC2F113567}.Release|Any CPU.Build.0 = Release|Any CPU
	EndGlobalSection
	GlobalSection(SolutionProperties) = preSolution
		HideSolutionNode = FALSE
	EndGlobalSection
	GlobalSection(ExtensibilityGlobals) = postSolution
		SolutionGuid = {4FF60282-2F8F-45D5-84FA-724EA82F6872}
	EndGlobalSection
EndGlobal
